// !$*UTF8*$!
{
	archiveVersion = 1;
	classes = {
	};
	objectVersion = 56;
	objects = {

/* Begin PBXBuildFile section */
		B72FB52129BE12040035C8FA /* StoreViewController.swift in Sources */ = {isa = PBXBuildFile; fileRef = B72FB52029BE12040035C8FA /* StoreViewController.swift */; };
		B72FB52529BE13250035C8FA /* AppCoordinator.swift in Sources */ = {isa = PBXBuildFile; fileRef = B72FB52429BE13250035C8FA /* AppCoordinator.swift */; };
		B72FB52729BE145E0035C8FA /* TabBarController.swift in Sources */ = {isa = PBXBuildFile; fileRef = B72FB52629BE145E0035C8FA /* TabBarController.swift */; };
		B72FB52E29BE1C550035C8FA /* SwinjectBridge.swift in Sources */ = {isa = PBXBuildFile; fileRef = B72FB52D29BE1C550035C8FA /* SwinjectBridge.swift */; };
		B72FB53129BE20C60035C8FA /* ES+UINavigationController.swift in Sources */ = {isa = PBXBuildFile; fileRef = B72FB53029BE20C60035C8FA /* ES+UINavigationController.swift */; };
		B72FB53329BE24450035C8FA /* StoreCoordinator.swift in Sources */ = {isa = PBXBuildFile; fileRef = B72FB53229BE24450035C8FA /* StoreCoordinator.swift */; };
		B72FB53529BE29670035C8FA /* RootAssembly.swift in Sources */ = {isa = PBXBuildFile; fileRef = B72FB53429BE29670035C8FA /* RootAssembly.swift */; };
		B72FB53729BE66CB0035C8FA /* StoreAssembly.swift in Sources */ = {isa = PBXBuildFile; fileRef = B72FB53629BE66CB0035C8FA /* StoreAssembly.swift */; };
		B751CEED29C06F060048B5A0 /* ESBaseViewController.swift in Sources */ = {isa = PBXBuildFile; fileRef = B751CEEC29C06F060048B5A0 /* ESBaseViewController.swift */; };
		B751CEF029C079020048B5A0 /* RxCocoa in Frameworks */ = {isa = PBXBuildFile; productRef = B751CEEF29C079020048B5A0 /* RxCocoa */; };
		B751CEF229C079020048B5A0 /* RxRelay in Frameworks */ = {isa = PBXBuildFile; productRef = B751CEF129C079020048B5A0 /* RxRelay */; };
		B751CEF429C081F70048B5A0 /* RxCocoaBridge.swift in Sources */ = {isa = PBXBuildFile; fileRef = B751CEF329C081F70048B5A0 /* RxCocoaBridge.swift */; };
		B751CEF729C0D67C0048B5A0 /* PackagesViewController.swift in Sources */ = {isa = PBXBuildFile; fileRef = B751CEF629C0D67B0048B5A0 /* PackagesViewController.swift */; };
		B751CEF929C0D7FB0048B5A0 /* PackagesAssembly.swift in Sources */ = {isa = PBXBuildFile; fileRef = B751CEF829C0D7FB0048B5A0 /* PackagesAssembly.swift */; };
		B752C49729BF1FD500CD3DAD /* Factory in Frameworks */ = {isa = PBXBuildFile; productRef = B752C49629BF1FD500CD3DAD /* Factory */; };
		B752C49929BF23A800CD3DAD /* FactoryBridge.swift in Sources */ = {isa = PBXBuildFile; fileRef = B752C49829BF23A800CD3DAD /* FactoryBridge.swift */; };
		B752C49B29BF31E200CD3DAD /* Icon.swift in Sources */ = {isa = PBXBuildFile; fileRef = B752C49A29BF31E200CD3DAD /* Icon.swift */; };
		B752C49E29BF3E4F00CD3DAD /* SearchBarView.swift in Sources */ = {isa = PBXBuildFile; fileRef = B752C49D29BF3E4F00CD3DAD /* SearchBarView.swift */; };
		B752C4A029BF554A00CD3DAD /* ColoredSegmentedControl.swift in Sources */ = {isa = PBXBuildFile; fileRef = B752C49F29BF554A00CD3DAD /* ColoredSegmentedControl.swift */; };
		B752C4A229BF588F00CD3DAD /* CountryTableViewCell.swift in Sources */ = {isa = PBXBuildFile; fileRef = B752C4A129BF588F00CD3DAD /* CountryTableViewCell.swift */; };
		B75B51D929BFB07E00B6D42A /* StoreViewModel.swift in Sources */ = {isa = PBXBuildFile; fileRef = B75B51D829BFB07E00B6D42A /* StoreViewModel.swift */; };
		B75B51DC29BFB35600B6D42A /* ReactorKit in Frameworks */ = {isa = PBXBuildFile; productRef = B75B51DB29BFB35600B6D42A /* ReactorKit */; };
		B75B51DE29BFB3A400B6D42A /* ReactorkitBridge.swift in Sources */ = {isa = PBXBuildFile; fileRef = B75B51DD29BFB3A400B6D42A /* ReactorkitBridge.swift */; };
		B75B51E229BFB4DC00B6D42A /* FetchingAreasService.swift in Sources */ = {isa = PBXBuildFile; fileRef = B75B51E129BFB4DC00B6D42A /* FetchingAreasService.swift */; };
		B75B51E629BFB74300B6D42A /* Moya in Frameworks */ = {isa = PBXBuildFile; productRef = B75B51E529BFB74300B6D42A /* Moya */; };
		B75B51E829BFB74300B6D42A /* RxMoya in Frameworks */ = {isa = PBXBuildFile; productRef = B75B51E729BFB74300B6D42A /* RxMoya */; };
		B75B51EC29BFB7E200B6D42A /* Country.swift in Sources */ = {isa = PBXBuildFile; fileRef = B75B51EB29BFB7E200B6D42A /* Country.swift */; };
		B75B51EF29BFB99900B6D42A /* EsimTarget.swift in Sources */ = {isa = PBXBuildFile; fileRef = B75B51EE29BFB99900B6D42A /* EsimTarget.swift */; };
		B75B51F129BFBC1B00B6D42A /* RxSwiftBridge.swift in Sources */ = {isa = PBXBuildFile; fileRef = B75B51F029BFBC1B00B6D42A /* RxSwiftBridge.swift */; };
		B75B51F329BFBE8300B6D42A /* MoyaBridge.swift in Sources */ = {isa = PBXBuildFile; fileRef = B75B51F229BFBE8300B6D42A /* MoyaBridge.swift */; };
		B760B91C29BE02930067231C /* AppDelegate.swift in Sources */ = {isa = PBXBuildFile; fileRef = B760B91B29BE02930067231C /* AppDelegate.swift */; };
		B760B92529BE02970067231C /* Assets.xcassets in Resources */ = {isa = PBXBuildFile; fileRef = B760B92429BE02970067231C /* Assets.xcassets */; };
		B760B92829BE02970067231C /* LaunchScreen.storyboard in Resources */ = {isa = PBXBuildFile; fileRef = B760B92629BE02970067231C /* LaunchScreen.storyboard */; };
		B767B8E429C1FA6500A01B1A /* ES+UIFont.swift in Sources */ = {isa = PBXBuildFile; fileRef = B767B8E329C1FA6500A01B1A /* ES+UIFont.swift */; };
		B7D1343929C1BE3A00D0F019 /* ESTableViewController.swift in Sources */ = {isa = PBXBuildFile; fileRef = B7D1343829C1BE3A00D0F019 /* ESTableViewController.swift */; };
		B7D1344B29C1DDC900D0F019 /* IBMPlexSans-SemiBoldItalic.ttf in Resources */ = {isa = PBXBuildFile; fileRef = B7D1343C29C1DDC900D0F019 /* IBMPlexSans-SemiBoldItalic.ttf */; };
		B7D1344C29C1DDC900D0F019 /* IBMPlexSans-Medium.ttf in Resources */ = {isa = PBXBuildFile; fileRef = B7D1343D29C1DDC900D0F019 /* IBMPlexSans-Medium.ttf */; };
		B7D1344D29C1DDC900D0F019 /* IBMPlexSans-SemiBold.ttf in Resources */ = {isa = PBXBuildFile; fileRef = B7D1343E29C1DDC900D0F019 /* IBMPlexSans-SemiBold.ttf */; };
		B7D1344E29C1DDC900D0F019 /* IBMPlexSans-MediumItalic.ttf in Resources */ = {isa = PBXBuildFile; fileRef = B7D1343F29C1DDC900D0F019 /* IBMPlexSans-MediumItalic.ttf */; };
		B7D1345029C1DDC900D0F019 /* IBMPlexSans-LightItalic.ttf in Resources */ = {isa = PBXBuildFile; fileRef = B7D1344129C1DDC900D0F019 /* IBMPlexSans-LightItalic.ttf */; };
		B7D1345129C1DDC900D0F019 /* IBMPlexSans-ExtraLight.ttf in Resources */ = {isa = PBXBuildFile; fileRef = B7D1344229C1DDC900D0F019 /* IBMPlexSans-ExtraLight.ttf */; };
		B7D1345229C1DDC900D0F019 /* IBMPlexSans-Thin.ttf in Resources */ = {isa = PBXBuildFile; fileRef = B7D1344329C1DDC900D0F019 /* IBMPlexSans-Thin.ttf */; };
		B7D1345329C1DDC900D0F019 /* IBMPlexSans-ThinItalic.ttf in Resources */ = {isa = PBXBuildFile; fileRef = B7D1344429C1DDC900D0F019 /* IBMPlexSans-ThinItalic.ttf */; };
		B7D1345429C1DDC900D0F019 /* IBMPlexSans-BoldItalic.ttf in Resources */ = {isa = PBXBuildFile; fileRef = B7D1344529C1DDC900D0F019 /* IBMPlexSans-BoldItalic.ttf */; };
		B7D1345529C1DDC900D0F019 /* IBMPlexSans-Light.ttf in Resources */ = {isa = PBXBuildFile; fileRef = B7D1344629C1DDC900D0F019 /* IBMPlexSans-Light.ttf */; };
		B7D1345629C1DDC900D0F019 /* IBMPlexSans-Italic.ttf in Resources */ = {isa = PBXBuildFile; fileRef = B7D1344729C1DDC900D0F019 /* IBMPlexSans-Italic.ttf */; };
		B7D1345729C1DDC900D0F019 /* IBMPlexSans-Regular.ttf in Resources */ = {isa = PBXBuildFile; fileRef = B7D1344829C1DDC900D0F019 /* IBMPlexSans-Regular.ttf */; };
		B7D1345829C1DDC900D0F019 /* IBMPlexSans-ExtraLightItalic.ttf in Resources */ = {isa = PBXBuildFile; fileRef = B7D1344929C1DDC900D0F019 /* IBMPlexSans-ExtraLightItalic.ttf */; };
		B7D1345929C1DDC900D0F019 /* IBMPlexSans-Bold.ttf in Resources */ = {isa = PBXBuildFile; fileRef = B7D1344A29C1DDC900D0F019 /* IBMPlexSans-Bold.ttf */; };
		B7E0ECA929C0FF9B00CDF6FD /* PackagesViewModel.swift in Sources */ = {isa = PBXBuildFile; fileRef = B7E0ECA829C0FF9B00CDF6FD /* PackagesViewModel.swift */; };
		B7E0ECAB29C100AF00CDF6FD /* Packages.swift in Sources */ = {isa = PBXBuildFile; fileRef = B7E0ECAA29C100AF00CDF6FD /* Packages.swift */; };
		B7E0ECAE29C1043400CDF6FD /* FetchingPackagesService.swift in Sources */ = {isa = PBXBuildFile; fileRef = B7E0ECAD29C1035800CDF6FD /* FetchingPackagesService.swift */; };
		B7E0ECB229C10A4D00CDF6FD /* LocalEsimsViewController.swift in Sources */ = {isa = PBXBuildFile; fileRef = B7E0ECB129C10A4500CDF6FD /* LocalEsimsViewController.swift */; };
		B7E0ECB429C10BDA00CDF6FD /* LocalEsimsViewModel.swift in Sources */ = {isa = PBXBuildFile; fileRef = B7E0ECB329C10BDA00CDF6FD /* LocalEsimsViewModel.swift */; };
		B7E0ECB629C10CAF00CDF6FD /* LocalEsimsAssembly.swift in Sources */ = {isa = PBXBuildFile; fileRef = B7E0ECB529C10CAF00CDF6FD /* LocalEsimsAssembly.swift */; };
/* End PBXBuildFile section */

/* Begin PBXFileReference section */
		B72FB52029BE12040035C8FA /* StoreViewController.swift */ = {isa = PBXFileReference; lastKnownFileType = sourcecode.swift; path = StoreViewController.swift; sourceTree = "<group>"; };
		B72FB52429BE13250035C8FA /* AppCoordinator.swift */ = {isa = PBXFileReference; lastKnownFileType = sourcecode.swift; path = AppCoordinator.swift; sourceTree = "<group>"; };
		B72FB52629BE145E0035C8FA /* TabBarController.swift */ = {isa = PBXFileReference; lastKnownFileType = sourcecode.swift; path = TabBarController.swift; sourceTree = "<group>"; };
		B72FB52D29BE1C550035C8FA /* SwinjectBridge.swift */ = {isa = PBXFileReference; lastKnownFileType = sourcecode.swift; path = SwinjectBridge.swift; sourceTree = "<group>"; };
		B72FB53029BE20C60035C8FA /* ES+UINavigationController.swift */ = {isa = PBXFileReference; lastKnownFileType = sourcecode.swift; path = "ES+UINavigationController.swift"; sourceTree = "<group>"; };
		B72FB53229BE24450035C8FA /* StoreCoordinator.swift */ = {isa = PBXFileReference; lastKnownFileType = sourcecode.swift; path = StoreCoordinator.swift; sourceTree = "<group>"; };
		B72FB53429BE29670035C8FA /* RootAssembly.swift */ = {isa = PBXFileReference; lastKnownFileType = sourcecode.swift; path = RootAssembly.swift; sourceTree = "<group>"; };
		B72FB53629BE66CB0035C8FA /* StoreAssembly.swift */ = {isa = PBXFileReference; lastKnownFileType = sourcecode.swift; path = StoreAssembly.swift; sourceTree = "<group>"; };
		B751CEEC29C06F060048B5A0 /* ESBaseViewController.swift */ = {isa = PBXFileReference; lastKnownFileType = sourcecode.swift; path = ESBaseViewController.swift; sourceTree = "<group>"; };
		B751CEF329C081F70048B5A0 /* RxCocoaBridge.swift */ = {isa = PBXFileReference; lastKnownFileType = sourcecode.swift; path = RxCocoaBridge.swift; sourceTree = "<group>"; };
		B751CEF629C0D67B0048B5A0 /* PackagesViewController.swift */ = {isa = PBXFileReference; lastKnownFileType = sourcecode.swift; path = PackagesViewController.swift; sourceTree = "<group>"; };
		B751CEF829C0D7FB0048B5A0 /* PackagesAssembly.swift */ = {isa = PBXFileReference; lastKnownFileType = sourcecode.swift; path = PackagesAssembly.swift; sourceTree = "<group>"; };
		B752C49829BF23A800CD3DAD /* FactoryBridge.swift */ = {isa = PBXFileReference; lastKnownFileType = sourcecode.swift; path = FactoryBridge.swift; sourceTree = "<group>"; };
		B752C49A29BF31E200CD3DAD /* Icon.swift */ = {isa = PBXFileReference; lastKnownFileType = sourcecode.swift; path = Icon.swift; sourceTree = "<group>"; };
		B752C49D29BF3E4F00CD3DAD /* SearchBarView.swift */ = {isa = PBXFileReference; lastKnownFileType = sourcecode.swift; path = SearchBarView.swift; sourceTree = "<group>"; };
		B752C49F29BF554A00CD3DAD /* ColoredSegmentedControl.swift */ = {isa = PBXFileReference; lastKnownFileType = sourcecode.swift; path = ColoredSegmentedControl.swift; sourceTree = "<group>"; };
		B752C4A129BF588F00CD3DAD /* CountryTableViewCell.swift */ = {isa = PBXFileReference; lastKnownFileType = sourcecode.swift; path = CountryTableViewCell.swift; sourceTree = "<group>"; };
		B75B51D829BFB07E00B6D42A /* StoreViewModel.swift */ = {isa = PBXFileReference; lastKnownFileType = sourcecode.swift; path = StoreViewModel.swift; sourceTree = "<group>"; };
		B75B51DD29BFB3A400B6D42A /* ReactorkitBridge.swift */ = {isa = PBXFileReference; lastKnownFileType = sourcecode.swift; path = ReactorkitBridge.swift; sourceTree = "<group>"; };
		B75B51E129BFB4DC00B6D42A /* FetchingAreasService.swift */ = {isa = PBXFileReference; lastKnownFileType = sourcecode.swift; path = FetchingAreasService.swift; sourceTree = "<group>"; };
		B75B51EB29BFB7E200B6D42A /* Country.swift */ = {isa = PBXFileReference; lastKnownFileType = sourcecode.swift; path = Country.swift; sourceTree = "<group>"; };
		B75B51EE29BFB99900B6D42A /* EsimTarget.swift */ = {isa = PBXFileReference; lastKnownFileType = sourcecode.swift; path = EsimTarget.swift; sourceTree = "<group>"; };
		B75B51F029BFBC1B00B6D42A /* RxSwiftBridge.swift */ = {isa = PBXFileReference; lastKnownFileType = sourcecode.swift; path = RxSwiftBridge.swift; sourceTree = "<group>"; };
		B75B51F229BFBE8300B6D42A /* MoyaBridge.swift */ = {isa = PBXFileReference; lastKnownFileType = sourcecode.swift; path = MoyaBridge.swift; sourceTree = "<group>"; };
		B760B91829BE02930067231C /* Esim.app */ = {isa = PBXFileReference; explicitFileType = wrapper.application; includeInIndex = 0; path = Esim.app; sourceTree = BUILT_PRODUCTS_DIR; };
		B760B91B29BE02930067231C /* AppDelegate.swift */ = {isa = PBXFileReference; lastKnownFileType = sourcecode.swift; path = AppDelegate.swift; sourceTree = "<group>"; };
		B760B92429BE02970067231C /* Assets.xcassets */ = {isa = PBXFileReference; lastKnownFileType = folder.assetcatalog; path = Assets.xcassets; sourceTree = "<group>"; };
		B760B92929BE02970067231C /* Info.plist */ = {isa = PBXFileReference; lastKnownFileType = text.plist.xml; path = Info.plist; sourceTree = "<group>"; };
		B760B93029BE03450067231C /* en */ = {isa = PBXFileReference; lastKnownFileType = file.storyboard; name = en; path = en.lproj/LaunchScreen.storyboard; sourceTree = "<group>"; };
		B767B8E329C1FA6500A01B1A /* ES+UIFont.swift */ = {isa = PBXFileReference; lastKnownFileType = sourcecode.swift; path = "ES+UIFont.swift"; sourceTree = "<group>"; };
		B7D1343829C1BE3A00D0F019 /* ESTableViewController.swift */ = {isa = PBXFileReference; lastKnownFileType = sourcecode.swift; path = ESTableViewController.swift; sourceTree = "<group>"; };
		B7D1343C29C1DDC900D0F019 /* IBMPlexSans-SemiBoldItalic.ttf */ = {isa = PBXFileReference; lastKnownFileType = file; path = "IBMPlexSans-SemiBoldItalic.ttf"; sourceTree = "<group>"; };
		B7D1343D29C1DDC900D0F019 /* IBMPlexSans-Medium.ttf */ = {isa = PBXFileReference; lastKnownFileType = file; path = "IBMPlexSans-Medium.ttf"; sourceTree = "<group>"; };
		B7D1343E29C1DDC900D0F019 /* IBMPlexSans-SemiBold.ttf */ = {isa = PBXFileReference; lastKnownFileType = file; path = "IBMPlexSans-SemiBold.ttf"; sourceTree = "<group>"; };
		B7D1343F29C1DDC900D0F019 /* IBMPlexSans-MediumItalic.ttf */ = {isa = PBXFileReference; lastKnownFileType = file; path = "IBMPlexSans-MediumItalic.ttf"; sourceTree = "<group>"; };
		B7D1344129C1DDC900D0F019 /* IBMPlexSans-LightItalic.ttf */ = {isa = PBXFileReference; lastKnownFileType = file; path = "IBMPlexSans-LightItalic.ttf"; sourceTree = "<group>"; };
		B7D1344229C1DDC900D0F019 /* IBMPlexSans-ExtraLight.ttf */ = {isa = PBXFileReference; lastKnownFileType = file; path = "IBMPlexSans-ExtraLight.ttf"; sourceTree = "<group>"; };
		B7D1344329C1DDC900D0F019 /* IBMPlexSans-Thin.ttf */ = {isa = PBXFileReference; lastKnownFileType = file; path = "IBMPlexSans-Thin.ttf"; sourceTree = "<group>"; };
		B7D1344429C1DDC900D0F019 /* IBMPlexSans-ThinItalic.ttf */ = {isa = PBXFileReference; lastKnownFileType = file; path = "IBMPlexSans-ThinItalic.ttf"; sourceTree = "<group>"; };
		B7D1344529C1DDC900D0F019 /* IBMPlexSans-BoldItalic.ttf */ = {isa = PBXFileReference; lastKnownFileType = file; path = "IBMPlexSans-BoldItalic.ttf"; sourceTree = "<group>"; };
		B7D1344629C1DDC900D0F019 /* IBMPlexSans-Light.ttf */ = {isa = PBXFileReference; lastKnownFileType = file; path = "IBMPlexSans-Light.ttf"; sourceTree = "<group>"; };
		B7D1344729C1DDC900D0F019 /* IBMPlexSans-Italic.ttf */ = {isa = PBXFileReference; lastKnownFileType = file; path = "IBMPlexSans-Italic.ttf"; sourceTree = "<group>"; };
		B7D1344829C1DDC900D0F019 /* IBMPlexSans-Regular.ttf */ = {isa = PBXFileReference; lastKnownFileType = file; path = "IBMPlexSans-Regular.ttf"; sourceTree = "<group>"; };
		B7D1344929C1DDC900D0F019 /* IBMPlexSans-ExtraLightItalic.ttf */ = {isa = PBXFileReference; lastKnownFileType = file; path = "IBMPlexSans-ExtraLightItalic.ttf"; sourceTree = "<group>"; };
		B7D1344A29C1DDC900D0F019 /* IBMPlexSans-Bold.ttf */ = {isa = PBXFileReference; lastKnownFileType = file; path = "IBMPlexSans-Bold.ttf"; sourceTree = "<group>"; };
		B7E0ECA829C0FF9B00CDF6FD /* PackagesViewModel.swift */ = {isa = PBXFileReference; lastKnownFileType = sourcecode.swift; path = PackagesViewModel.swift; sourceTree = "<group>"; };
		B7E0ECAA29C100AF00CDF6FD /* Packages.swift */ = {isa = PBXFileReference; lastKnownFileType = sourcecode.swift; path = Packages.swift; sourceTree = "<group>"; };
		B7E0ECAD29C1035800CDF6FD /* FetchingPackagesService.swift */ = {isa = PBXFileReference; lastKnownFileType = sourcecode.swift; path = FetchingPackagesService.swift; sourceTree = "<group>"; };
		B7E0ECB129C10A4500CDF6FD /* LocalEsimsViewController.swift */ = {isa = PBXFileReference; lastKnownFileType = sourcecode.swift; path = LocalEsimsViewController.swift; sourceTree = "<group>"; };
		B7E0ECB329C10BDA00CDF6FD /* LocalEsimsViewModel.swift */ = {isa = PBXFileReference; lastKnownFileType = sourcecode.swift; path = LocalEsimsViewModel.swift; sourceTree = "<group>"; };
		B7E0ECB529C10CAF00CDF6FD /* LocalEsimsAssembly.swift */ = {isa = PBXFileReference; lastKnownFileType = sourcecode.swift; path = LocalEsimsAssembly.swift; sourceTree = "<group>"; };
/* End PBXFileReference section */

/* Begin PBXFrameworksBuildPhase section */
		B760B91529BE02930067231C /* Frameworks */ = {
			isa = PBXFrameworksBuildPhase;
			buildActionMask = 2147483647;
			files = (
				B751CEF229C079020048B5A0 /* RxRelay in Frameworks */,
				B75B51DC29BFB35600B6D42A /* ReactorKit in Frameworks */,
				B752C49729BF1FD500CD3DAD /* Factory in Frameworks */,
				B751CEF029C079020048B5A0 /* RxCocoa in Frameworks */,
				B75B51E829BFB74300B6D42A /* RxMoya in Frameworks */,
				B75B51E629BFB74300B6D42A /* Moya in Frameworks */,
			);
			runOnlyForDeploymentPostprocessing = 0;
		};
/* End PBXFrameworksBuildPhase section */

/* Begin PBXGroup section */
		B72FB51E29BE11940035C8FA /* Presentation Layer */ = {
			isa = PBXGroup;
			children = (
				B751CEEB29C06ED70048B5A0 /* Components */,
				B72FB52229BE12A20035C8FA /* 0.0 Root */,
				B72FB51F29BE11DE0035C8FA /* 1.0 Store */,
				B7E0ECB029C109EF00CDF6FD /* 1.1 Local esims */,
				B751CEF529C0D64D0048B5A0 /* 1.0.1 Packages */,
			);
			path = "Presentation Layer";
			sourceTree = "<group>";
		};
		B72FB51F29BE11DE0035C8FA /* 1.0 Store */ = {
			isa = PBXGroup;
			children = (
				B72FB53229BE24450035C8FA /* StoreCoordinator.swift */,
				B752C49C29BF3E3E00CD3DAD /* View */,
				B72FB53629BE66CB0035C8FA /* StoreAssembly.swift */,
				B72FB52029BE12040035C8FA /* StoreViewController.swift */,
				B75B51D829BFB07E00B6D42A /* StoreViewModel.swift */,
			);
			path = "1.0 Store";
			sourceTree = "<group>";
		};
		B72FB52229BE12A20035C8FA /* 0.0 Root */ = {
			isa = PBXGroup;
			children = (
				B72FB52429BE13250035C8FA /* AppCoordinator.swift */,
				B72FB52629BE145E0035C8FA /* TabBarController.swift */,
				B72FB53429BE29670035C8FA /* RootAssembly.swift */,
			);
			path = "0.0 Root";
			sourceTree = "<group>";
		};
		B72FB52B29BE1C040035C8FA /* Core Layer */ = {
			isa = PBXGroup;
			children = (
				B75B51ED29BFB95900B6D42A /* API */,
				B72FB52F29BE20AE0035C8FA /* ES+UIKit */,
				B72FB52C29BE1C160035C8FA /* ThirdPartyBridges */,
			);
			path = "Core Layer";
			sourceTree = "<group>";
		};
		B72FB52C29BE1C160035C8FA /* ThirdPartyBridges */ = {
			isa = PBXGroup;
			children = (
				B72FB52D29BE1C550035C8FA /* SwinjectBridge.swift */,
				B752C49829BF23A800CD3DAD /* FactoryBridge.swift */,
				B75B51DD29BFB3A400B6D42A /* ReactorkitBridge.swift */,
				B75B51F029BFBC1B00B6D42A /* RxSwiftBridge.swift */,
				B75B51F229BFBE8300B6D42A /* MoyaBridge.swift */,
				B751CEF329C081F70048B5A0 /* RxCocoaBridge.swift */,
			);
			path = ThirdPartyBridges;
			sourceTree = "<group>";
		};
		B72FB52F29BE20AE0035C8FA /* ES+UIKit */ = {
			isa = PBXGroup;
			children = (
				B72FB53029BE20C60035C8FA /* ES+UINavigationController.swift */,
				B767B8E329C1FA6500A01B1A /* ES+UIFont.swift */,
			);
			path = "ES+UIKit";
			sourceTree = "<group>";
		};
		B751CEEB29C06ED70048B5A0 /* Components */ = {
			isa = PBXGroup;
			children = (
				B751CEEC29C06F060048B5A0 /* ESBaseViewController.swift */,
				B7D1343829C1BE3A00D0F019 /* ESTableViewController.swift */,
			);
			path = Components;
			sourceTree = "<group>";
		};
		B751CEF529C0D64D0048B5A0 /* 1.0.1 Packages */ = {
			isa = PBXGroup;
			children = (
				B751CEF829C0D7FB0048B5A0 /* PackagesAssembly.swift */,
				B751CEF629C0D67B0048B5A0 /* PackagesViewController.swift */,
				B7E0ECA829C0FF9B00CDF6FD /* PackagesViewModel.swift */,
			);
			path = "1.0.1 Packages";
			sourceTree = "<group>";
		};
		B752C49C29BF3E3E00CD3DAD /* View */ = {
			isa = PBXGroup;
			children = (
				B752C49D29BF3E4F00CD3DAD /* SearchBarView.swift */,
				B752C49F29BF554A00CD3DAD /* ColoredSegmentedControl.swift */,
				B752C4A129BF588F00CD3DAD /* CountryTableViewCell.swift */,
			);
			path = View;
			sourceTree = "<group>";
		};
		B75B51DF29BFB48C00B6D42A /* Business Logic Layer */ = {
			isa = PBXGroup;
			children = (
				B75B51E029BFB49E00B6D42A /* FetchingAreasService */,
				B7E0ECAC29C1033500CDF6FD /* FetchingPackagesService */,
			);
			path = "Business Logic Layer";
			sourceTree = "<group>";
		};
		B75B51E029BFB49E00B6D42A /* FetchingAreasService */ = {
			isa = PBXGroup;
			children = (
				B75B51E929BFB7B900B6D42A /* Model */,
				B75B51E129BFB4DC00B6D42A /* FetchingAreasService.swift */,
			);
			path = FetchingAreasService;
			sourceTree = "<group>";
		};
		B75B51E929BFB7B900B6D42A /* Model */ = {
			isa = PBXGroup;
			children = (
				B75B51EB29BFB7E200B6D42A /* Country.swift */,
			);
			path = Model;
			sourceTree = "<group>";
		};
		B75B51ED29BFB95900B6D42A /* API */ = {
			isa = PBXGroup;
			children = (
				B75B51EE29BFB99900B6D42A /* EsimTarget.swift */,
			);
			path = API;
			sourceTree = "<group>";
		};
		B760B90F29BE02930067231C = {
			isa = PBXGroup;
			children = (
				B760B91A29BE02930067231C /* Esim */,
				B760B91929BE02930067231C /* Products */,
			);
			sourceTree = "<group>";
		};
		B760B91929BE02930067231C /* Products */ = {
			isa = PBXGroup;
			children = (
				B760B91829BE02930067231C /* Esim.app */,
			);
			name = Products;
			sourceTree = "<group>";
		};
		B760B91A29BE02930067231C /* Esim */ = {
			isa = PBXGroup;
			children = (
				B760B92F29BE02BE0067231C /* Resources */,
				B75B51DF29BFB48C00B6D42A /* Business Logic Layer */,
				B72FB52B29BE1C040035C8FA /* Core Layer */,
				B72FB51E29BE11940035C8FA /* Presentation Layer */,
				B760B91B29BE02930067231C /* AppDelegate.swift */,
			);
			path = Esim;
			sourceTree = "<group>";
		};
		B760B92F29BE02BE0067231C /* Resources */ = {
			isa = PBXGroup;
			children = (
				B7D1343A29C1DDC000D0F019 /* Font */,
				B760B92429BE02970067231C /* Assets.xcassets */,
				B760B92629BE02970067231C /* LaunchScreen.storyboard */,
				B760B92929BE02970067231C /* Info.plist */,
				B752C49A29BF31E200CD3DAD /* Icon.swift */,
			);
			path = Resources;
			sourceTree = "<group>";
		};
		B7D1343A29C1DDC000D0F019 /* Font */ = {
			isa = PBXGroup;
			children = (
				B7D1343B29C1DDC900D0F019 /* IBM_Plex_Sans */,
			);
			path = Font;
			sourceTree = "<group>";
		};
		B7D1343B29C1DDC900D0F019 /* IBM_Plex_Sans */ = {
			isa = PBXGroup;
			children = (
				B7D1343C29C1DDC900D0F019 /* IBMPlexSans-SemiBoldItalic.ttf */,
				B7D1343D29C1DDC900D0F019 /* IBMPlexSans-Medium.ttf */,
				B7D1343E29C1DDC900D0F019 /* IBMPlexSans-SemiBold.ttf */,
				B7D1343F29C1DDC900D0F019 /* IBMPlexSans-MediumItalic.ttf */,
				B7D1344129C1DDC900D0F019 /* IBMPlexSans-LightItalic.ttf */,
				B7D1344229C1DDC900D0F019 /* IBMPlexSans-ExtraLight.ttf */,
				B7D1344329C1DDC900D0F019 /* IBMPlexSans-Thin.ttf */,
				B7D1344429C1DDC900D0F019 /* IBMPlexSans-ThinItalic.ttf */,
				B7D1344529C1DDC900D0F019 /* IBMPlexSans-BoldItalic.ttf */,
				B7D1344629C1DDC900D0F019 /* IBMPlexSans-Light.ttf */,
				B7D1344729C1DDC900D0F019 /* IBMPlexSans-Italic.ttf */,
				B7D1344829C1DDC900D0F019 /* IBMPlexSans-Regular.ttf */,
				B7D1344929C1DDC900D0F019 /* IBMPlexSans-ExtraLightItalic.ttf */,
				B7D1344A29C1DDC900D0F019 /* IBMPlexSans-Bold.ttf */,
			);
			path = IBM_Plex_Sans;
			sourceTree = "<group>";
		};
		B7E0ECAC29C1033500CDF6FD /* FetchingPackagesService */ = {
			isa = PBXGroup;
			children = (
				B7E0ECAF29C107C100CDF6FD /* Model */,
				B7E0ECAD29C1035800CDF6FD /* FetchingPackagesService.swift */,
			);
			path = FetchingPackagesService;
			sourceTree = "<group>";
		};
		B7E0ECAF29C107C100CDF6FD /* Model */ = {
			isa = PBXGroup;
			children = (
				B7E0ECAA29C100AF00CDF6FD /* Packages.swift */,
			);
			path = Model;
			sourceTree = "<group>";
		};
		B7E0ECB029C109EF00CDF6FD /* 1.1 Local esims */ = {
			isa = PBXGroup;
			children = (
				B7E0ECB529C10CAF00CDF6FD /* LocalEsimsAssembly.swift */,
				B7E0ECB129C10A4500CDF6FD /* LocalEsimsViewController.swift */,
				B7E0ECB329C10BDA00CDF6FD /* LocalEsimsViewModel.swift */,
			);
			path = "1.1 Local esims";
			sourceTree = "<group>";
		};
/* End PBXGroup section */

/* Begin PBXNativeTarget section */
		B760B91729BE02930067231C /* Esim */ = {
			isa = PBXNativeTarget;
			buildConfigurationList = B760B92C29BE02970067231C /* Build configuration list for PBXNativeTarget "Esim" */;
			buildPhases = (
				B760B91429BE02930067231C /* Sources */,
				B760B91529BE02930067231C /* Frameworks */,
				B760B91629BE02930067231C /* Resources */,
			);
			buildRules = (
			);
			dependencies = (
			);
			name = Esim;
			packageProductDependencies = (
				B752C49629BF1FD500CD3DAD /* Factory */,
				B75B51DB29BFB35600B6D42A /* ReactorKit */,
				B75B51E529BFB74300B6D42A /* Moya */,
				B75B51E729BFB74300B6D42A /* RxMoya */,
				B751CEEF29C079020048B5A0 /* RxCocoa */,
				B751CEF129C079020048B5A0 /* RxRelay */,
			);
			productName = Esim;
			productReference = B760B91829BE02930067231C /* Esim.app */;
			productType = "com.apple.product-type.application";
		};
/* End PBXNativeTarget section */

/* Begin PBXProject section */
		B760B91029BE02930067231C /* Project object */ = {
			isa = PBXProject;
			attributes = {
				BuildIndependentTargetsInParallel = 1;
				LastSwiftUpdateCheck = 1420;
				LastUpgradeCheck = 1420;
				TargetAttributes = {
					B760B91729BE02930067231C = {
						CreatedOnToolsVersion = 14.2;
					};
				};
			};
			buildConfigurationList = B760B91329BE02930067231C /* Build configuration list for PBXProject "Esim" */;
			compatibilityVersion = "Xcode 14.0";
			developmentRegion = en;
			hasScannedForEncodings = 0;
			knownRegions = (
				en,
			);
			mainGroup = B760B90F29BE02930067231C;
			packageReferences = (
				B752C49529BF1FD500CD3DAD /* XCRemoteSwiftPackageReference "Factory" */,
				B75B51DA29BFB35600B6D42A /* XCRemoteSwiftPackageReference "ReactorKit" */,
				B75B51E429BFB74200B6D42A /* XCRemoteSwiftPackageReference "Moya" */,
				B751CEEE29C079020048B5A0 /* XCRemoteSwiftPackageReference "RxSwift" */,
			);
			productRefGroup = B760B91929BE02930067231C /* Products */;
			projectDirPath = "";
			projectRoot = "";
			targets = (
				B760B91729BE02930067231C /* Esim */,
			);
		};
/* End PBXProject section */

/* Begin PBXResourcesBuildPhase section */
		B760B91629BE02930067231C /* Resources */ = {
			isa = PBXResourcesBuildPhase;
			buildActionMask = 2147483647;
			files = (
				B7D1345429C1DDC900D0F019 /* IBMPlexSans-BoldItalic.ttf in Resources */,
				B7D1345229C1DDC900D0F019 /* IBMPlexSans-Thin.ttf in Resources */,
				B7D1345829C1DDC900D0F019 /* IBMPlexSans-ExtraLightItalic.ttf in Resources */,
				B7D1345029C1DDC900D0F019 /* IBMPlexSans-LightItalic.ttf in Resources */,
				B7D1345329C1DDC900D0F019 /* IBMPlexSans-ThinItalic.ttf in Resources */,
				B760B92829BE02970067231C /* LaunchScreen.storyboard in Resources */,
				B760B92529BE02970067231C /* Assets.xcassets in Resources */,
				B7D1345729C1DDC900D0F019 /* IBMPlexSans-Regular.ttf in Resources */,
				B7D1345929C1DDC900D0F019 /* IBMPlexSans-Bold.ttf in Resources */,
				B7D1344E29C1DDC900D0F019 /* IBMPlexSans-MediumItalic.ttf in Resources */,
				B7D1344D29C1DDC900D0F019 /* IBMPlexSans-SemiBold.ttf in Resources */,
				B7D1345129C1DDC900D0F019 /* IBMPlexSans-ExtraLight.ttf in Resources */,
				B7D1344C29C1DDC900D0F019 /* IBMPlexSans-Medium.ttf in Resources */,
				B7D1345529C1DDC900D0F019 /* IBMPlexSans-Light.ttf in Resources */,
				B7D1344B29C1DDC900D0F019 /* IBMPlexSans-SemiBoldItalic.ttf in Resources */,
				B7D1345629C1DDC900D0F019 /* IBMPlexSans-Italic.ttf in Resources */,
			);
			runOnlyForDeploymentPostprocessing = 0;
		};
/* End PBXResourcesBuildPhase section */

/* Begin PBXSourcesBuildPhase section */
		B760B91429BE02930067231C /* Sources */ = {
			isa = PBXSourcesBuildPhase;
			buildActionMask = 2147483647;
			files = (
				B72FB52529BE13250035C8FA /* AppCoordinator.swift in Sources */,
				B72FB53529BE29670035C8FA /* RootAssembly.swift in Sources */,
				B72FB53129BE20C60035C8FA /* ES+UINavigationController.swift in Sources */,
				B75B51EF29BFB99900B6D42A /* EsimTarget.swift in Sources */,
				B7D1343929C1BE3A00D0F019 /* ESTableViewController.swift in Sources */,
				B72FB53729BE66CB0035C8FA /* StoreAssembly.swift in Sources */,
				B7E0ECAB29C100AF00CDF6FD /* Packages.swift in Sources */,
				B752C4A029BF554A00CD3DAD /* ColoredSegmentedControl.swift in Sources */,
				B75B51F129BFBC1B00B6D42A /* RxSwiftBridge.swift in Sources */,
				B752C49E29BF3E4F00CD3DAD /* SearchBarView.swift in Sources */,
				B767B8E429C1FA6500A01B1A /* ES+UIFont.swift in Sources */,
				B75B51DE29BFB3A400B6D42A /* ReactorkitBridge.swift in Sources */,
				B751CEF429C081F70048B5A0 /* RxCocoaBridge.swift in Sources */,
				B751CEF929C0D7FB0048B5A0 /* PackagesAssembly.swift in Sources */,
				B72FB52E29BE1C550035C8FA /* SwinjectBridge.swift in Sources */,
				B752C49929BF23A800CD3DAD /* FactoryBridge.swift in Sources */,
				B72FB52729BE145E0035C8FA /* TabBarController.swift in Sources */,
				B751CEF729C0D67C0048B5A0 /* PackagesViewController.swift in Sources */,
				B75B51EC29BFB7E200B6D42A /* Country.swift in Sources */,
				B751CEED29C06F060048B5A0 /* ESBaseViewController.swift in Sources */,
				B7E0ECB629C10CAF00CDF6FD /* LocalEsimsAssembly.swift in Sources */,
				B75B51E229BFB4DC00B6D42A /* FetchingAreasService.swift in Sources */,
				B72FB52129BE12040035C8FA /* StoreViewController.swift in Sources */,
				B7E0ECA929C0FF9B00CDF6FD /* PackagesViewModel.swift in Sources */,
				B760B91C29BE02930067231C /* AppDelegate.swift in Sources */,
				B72FB53329BE24450035C8FA /* StoreCoordinator.swift in Sources */,
				B75B51F329BFBE8300B6D42A /* MoyaBridge.swift in Sources */,
				B7E0ECB229C10A4D00CDF6FD /* LocalEsimsViewController.swift in Sources */,
				B7E0ECAE29C1043400CDF6FD /* FetchingPackagesService.swift in Sources */,
				B752C4A229BF588F00CD3DAD /* CountryTableViewCell.swift in Sources */,
				B75B51D929BFB07E00B6D42A /* StoreViewModel.swift in Sources */,
				B7E0ECB429C10BDA00CDF6FD /* LocalEsimsViewModel.swift in Sources */,
				B752C49B29BF31E200CD3DAD /* Icon.swift in Sources */,
			);
			runOnlyForDeploymentPostprocessing = 0;
		};
/* End PBXSourcesBuildPhase section */

/* Begin PBXVariantGroup section */
		B760B92629BE02970067231C /* LaunchScreen.storyboard */ = {
			isa = PBXVariantGroup;
			children = (
				B760B93029BE03450067231C /* en */,
			);
			name = LaunchScreen.storyboard;
			sourceTree = "<group>";
		};
/* End PBXVariantGroup section */

/* Begin XCBuildConfiguration section */
		B760B92A29BE02970067231C /* Debug */ = {
			isa = XCBuildConfiguration;
			buildSettings = {
				ALWAYS_SEARCH_USER_PATHS = NO;
				CLANG_ANALYZER_NONNULL = YES;
				CLANG_ANALYZER_NUMBER_OBJECT_CONVERSION = YES_AGGRESSIVE;
				CLANG_CXX_LANGUAGE_STANDARD = "gnu++20";
				CLANG_ENABLE_MODULES = YES;
				CLANG_ENABLE_OBJC_ARC = YES;
				CLANG_ENABLE_OBJC_WEAK = YES;
				CLANG_WARN_BLOCK_CAPTURE_AUTORELEASING = YES;
				CLANG_WARN_BOOL_CONVERSION = YES;
				CLANG_WARN_COMMA = YES;
				CLANG_WARN_CONSTANT_CONVERSION = YES;
				CLANG_WARN_DEPRECATED_OBJC_IMPLEMENTATIONS = YES;
				CLANG_WARN_DIRECT_OBJC_ISA_USAGE = YES_ERROR;
				CLANG_WARN_DOCUMENTATION_COMMENTS = YES;
				CLANG_WARN_EMPTY_BODY = YES;
				CLANG_WARN_ENUM_CONVERSION = YES;
				CLANG_WARN_INFINITE_RECURSION = YES;
				CLANG_WARN_INT_CONVERSION = YES;
				CLANG_WARN_NON_LITERAL_NULL_CONVERSION = YES;
				CLANG_WARN_OBJC_IMPLICIT_RETAIN_SELF = YES;
				CLANG_WARN_OBJC_LITERAL_CONVERSION = YES;
				CLANG_WARN_OBJC_ROOT_CLASS = YES_ERROR;
				CLANG_WARN_QUOTED_INCLUDE_IN_FRAMEWORK_HEADER = YES;
				CLANG_WARN_RANGE_LOOP_ANALYSIS = YES;
				CLANG_WARN_STRICT_PROTOTYPES = YES;
				CLANG_WARN_SUSPICIOUS_MOVE = YES;
				CLANG_WARN_UNGUARDED_AVAILABILITY = YES_AGGRESSIVE;
				CLANG_WARN_UNREACHABLE_CODE = YES;
				CLANG_WARN__DUPLICATE_METHOD_MATCH = YES;
				COPY_PHASE_STRIP = NO;
				DEBUG_INFORMATION_FORMAT = dwarf;
				ENABLE_STRICT_OBJC_MSGSEND = YES;
				ENABLE_TESTABILITY = YES;
				GCC_C_LANGUAGE_STANDARD = gnu11;
				GCC_DYNAMIC_NO_PIC = NO;
				GCC_NO_COMMON_BLOCKS = YES;
				GCC_OPTIMIZATION_LEVEL = 0;
				GCC_PREPROCESSOR_DEFINITIONS = (
					"DEBUG=1",
					"$(inherited)",
				);
				GCC_WARN_64_TO_32_BIT_CONVERSION = YES;
				GCC_WARN_ABOUT_RETURN_TYPE = YES_ERROR;
				GCC_WARN_UNDECLARED_SELECTOR = YES;
				GCC_WARN_UNINITIALIZED_AUTOS = YES_AGGRESSIVE;
				GCC_WARN_UNUSED_FUNCTION = YES;
				GCC_WARN_UNUSED_VARIABLE = YES;
				IPHONEOS_DEPLOYMENT_TARGET = 13.0;
				MTL_ENABLE_DEBUG_INFO = INCLUDE_SOURCE;
				MTL_FAST_MATH = YES;
				ONLY_ACTIVE_ARCH = YES;
				SDKROOT = iphoneos;
				SWIFT_ACTIVE_COMPILATION_CONDITIONS = DEBUG;
				SWIFT_OPTIMIZATION_LEVEL = "-Onone";
			};
			name = Debug;
		};
		B760B92B29BE02970067231C /* Release */ = {
			isa = XCBuildConfiguration;
			buildSettings = {
				ALWAYS_SEARCH_USER_PATHS = NO;
				CLANG_ANALYZER_NONNULL = YES;
				CLANG_ANALYZER_NUMBER_OBJECT_CONVERSION = YES_AGGRESSIVE;
				CLANG_CXX_LANGUAGE_STANDARD = "gnu++20";
				CLANG_ENABLE_MODULES = YES;
				CLANG_ENABLE_OBJC_ARC = YES;
				CLANG_ENABLE_OBJC_WEAK = YES;
				CLANG_WARN_BLOCK_CAPTURE_AUTORELEASING = YES;
				CLANG_WARN_BOOL_CONVERSION = YES;
				CLANG_WARN_COMMA = YES;
				CLANG_WARN_CONSTANT_CONVERSION = YES;
				CLANG_WARN_DEPRECATED_OBJC_IMPLEMENTATIONS = YES;
				CLANG_WARN_DIRECT_OBJC_ISA_USAGE = YES_ERROR;
				CLANG_WARN_DOCUMENTATION_COMMENTS = YES;
				CLANG_WARN_EMPTY_BODY = YES;
				CLANG_WARN_ENUM_CONVERSION = YES;
				CLANG_WARN_INFINITE_RECURSION = YES;
				CLANG_WARN_INT_CONVERSION = YES;
				CLANG_WARN_NON_LITERAL_NULL_CONVERSION = YES;
				CLANG_WARN_OBJC_IMPLICIT_RETAIN_SELF = YES;
				CLANG_WARN_OBJC_LITERAL_CONVERSION = YES;
				CLANG_WARN_OBJC_ROOT_CLASS = YES_ERROR;
				CLANG_WARN_QUOTED_INCLUDE_IN_FRAMEWORK_HEADER = YES;
				CLANG_WARN_RANGE_LOOP_ANALYSIS = YES;
				CLANG_WARN_STRICT_PROTOTYPES = YES;
				CLANG_WARN_SUSPICIOUS_MOVE = YES;
				CLANG_WARN_UNGUARDED_AVAILABILITY = YES_AGGRESSIVE;
				CLANG_WARN_UNREACHABLE_CODE = YES;
				CLANG_WARN__DUPLICATE_METHOD_MATCH = YES;
				COPY_PHASE_STRIP = NO;
				DEBUG_INFORMATION_FORMAT = "dwarf-with-dsym";
				ENABLE_NS_ASSERTIONS = NO;
				ENABLE_STRICT_OBJC_MSGSEND = YES;
				GCC_C_LANGUAGE_STANDARD = gnu11;
				GCC_NO_COMMON_BLOCKS = YES;
				GCC_WARN_64_TO_32_BIT_CONVERSION = YES;
				GCC_WARN_ABOUT_RETURN_TYPE = YES_ERROR;
				GCC_WARN_UNDECLARED_SELECTOR = YES;
				GCC_WARN_UNINITIALIZED_AUTOS = YES_AGGRESSIVE;
				GCC_WARN_UNUSED_FUNCTION = YES;
				GCC_WARN_UNUSED_VARIABLE = YES;
				IPHONEOS_DEPLOYMENT_TARGET = 13.0;
				MTL_ENABLE_DEBUG_INFO = NO;
				MTL_FAST_MATH = YES;
				SDKROOT = iphoneos;
				SWIFT_COMPILATION_MODE = wholemodule;
				SWIFT_OPTIMIZATION_LEVEL = "-O";
				VALIDATE_PRODUCT = YES;
			};
			name = Release;
		};
		B760B92D29BE02970067231C /* Debug */ = {
			isa = XCBuildConfiguration;
			buildSettings = {
				ASSETCATALOG_COMPILER_APPICON_NAME = AppIcon;
				ASSETCATALOG_COMPILER_GLOBAL_ACCENT_COLOR_NAME = AccentColor;
				CODE_SIGN_STYLE = Automatic;
				CURRENT_PROJECT_VERSION = 1;
				DEVELOPMENT_TEAM = XZ546H35NP;
				GENERATE_INFOPLIST_FILE = YES;
				INFOPLIST_FILE = Esim/Resources/Info.plist;
				INFOPLIST_KEY_UIApplicationSupportsIndirectInputEvents = YES;
				INFOPLIST_KEY_UILaunchStoryboardName = LaunchScreen;
				INFOPLIST_KEY_UISupportedInterfaceOrientations_iPad = "UIInterfaceOrientationPortrait UIInterfaceOrientationPortraitUpsideDown UIInterfaceOrientationLandscapeLeft UIInterfaceOrientationLandscapeRight";
				INFOPLIST_KEY_UISupportedInterfaceOrientations_iPhone = "UIInterfaceOrientationPortrait UIInterfaceOrientationLandscapeLeft UIInterfaceOrientationLandscapeRight";
				LD_RUNPATH_SEARCH_PATHS = (
					"$(inherited)",
					"@executable_path/Frameworks",
				);
				MARKETING_VERSION = 1.0;
				PRODUCT_BUNDLE_IDENTIFIER = com.emelyanov.Esim;
				PRODUCT_NAME = "$(TARGET_NAME)";
				SWIFT_EMIT_LOC_STRINGS = YES;
				SWIFT_VERSION = 5.0;
				TARGETED_DEVICE_FAMILY = "1,2";
			};
			name = Debug;
		};
		B760B92E29BE02970067231C /* Release */ = {
			isa = XCBuildConfiguration;
			buildSettings = {
				ASSETCATALOG_COMPILER_APPICON_NAME = AppIcon;
				ASSETCATALOG_COMPILER_GLOBAL_ACCENT_COLOR_NAME = AccentColor;
				CODE_SIGN_STYLE = Automatic;
				CURRENT_PROJECT_VERSION = 1;
				DEVELOPMENT_TEAM = XZ546H35NP;
				GENERATE_INFOPLIST_FILE = YES;
				INFOPLIST_FILE = Esim/Resources/Info.plist;
				INFOPLIST_KEY_UIApplicationSupportsIndirectInputEvents = YES;
				INFOPLIST_KEY_UILaunchStoryboardName = LaunchScreen;
				INFOPLIST_KEY_UISupportedInterfaceOrientations_iPad = "UIInterfaceOrientationPortrait UIInterfaceOrientationPortraitUpsideDown UIInterfaceOrientationLandscapeLeft UIInterfaceOrientationLandscapeRight";
				INFOPLIST_KEY_UISupportedInterfaceOrientations_iPhone = "UIInterfaceOrientationPortrait UIInterfaceOrientationLandscapeLeft UIInterfaceOrientationLandscapeRight";
				LD_RUNPATH_SEARCH_PATHS = (
					"$(inherited)",
					"@executable_path/Frameworks",
				);
				MARKETING_VERSION = 1.0;
				PRODUCT_BUNDLE_IDENTIFIER = com.emelyanov.Esim;
				PRODUCT_NAME = "$(TARGET_NAME)";
				SWIFT_EMIT_LOC_STRINGS = YES;
				SWIFT_VERSION = 5.0;
				TARGETED_DEVICE_FAMILY = "1,2";
			};
			name = Release;
		};
/* End XCBuildConfiguration section */

/* Begin XCConfigurationList section */
		B760B91329BE02930067231C /* Build configuration list for PBXProject "Esim" */ = {
			isa = XCConfigurationList;
			buildConfigurations = (
				B760B92A29BE02970067231C /* Debug */,
				B760B92B29BE02970067231C /* Release */,
			);
			defaultConfigurationIsVisible = 0;
			defaultConfigurationName = Release;
		};
		B760B92C29BE02970067231C /* Build configuration list for PBXNativeTarget "Esim" */ = {
			isa = XCConfigurationList;
			buildConfigurations = (
				B760B92D29BE02970067231C /* Debug */,
				B760B92E29BE02970067231C /* Release */,
			);
			defaultConfigurationIsVisible = 0;
			defaultConfigurationName = Release;
		};
/* End XCConfigurationList section */

/* Begin XCRemoteSwiftPackageReference section */
		B751CEEE29C079020048B5A0 /* XCRemoteSwiftPackageReference "RxSwift" */ = {
			isa = XCRemoteSwiftPackageReference;
			repositoryURL = "https://github.com/ReactiveX/RxSwift";
			requirement = {
				kind = upToNextMajorVersion;
				minimumVersion = 6.0.0;
			};
		};
		B752C49529BF1FD500CD3DAD /* XCRemoteSwiftPackageReference "Factory" */ = {
			isa = XCRemoteSwiftPackageReference;
			repositoryURL = "https://github.com/hmlongco/Factory";
			requirement = {
				kind = upToNextMajorVersion;
				minimumVersion = 2.0.0;
			};
		};
		B75B51DA29BFB35600B6D42A /* XCRemoteSwiftPackageReference "ReactorKit" */ = {
			isa = XCRemoteSwiftPackageReference;
			repositoryURL = "https://github.com/ReactorKit/ReactorKit";
			requirement = {
				kind = upToNextMajorVersion;
				minimumVersion = 3.0.0;
			};
		};
		B75B51E429BFB74200B6D42A /* XCRemoteSwiftPackageReference "Moya" */ = {
			isa = XCRemoteSwiftPackageReference;
			repositoryURL = "https://github.com/Moya/Moya";
			requirement = {
				branch = master;
				kind = branch;
			};
		};
/* End XCRemoteSwiftPackageReference section */

/* Begin XCSwiftPackageProductDependency section */
		B751CEEF29C079020048B5A0 /* RxCocoa */ = {
			isa = XCSwiftPackageProductDependency;
			package = B751CEEE29C079020048B5A0 /* XCRemoteSwiftPackageReference "RxSwift" */;
			productName = RxCocoa;
		};
		B751CEF129C079020048B5A0 /* RxRelay */ = {
			isa = XCSwiftPackageProductDependency;
			package = B751CEEE29C079020048B5A0 /* XCRemoteSwiftPackageReference "RxSwift" */;
			productName = RxRelay;
		};
		B752C49629BF1FD500CD3DAD /* Factory */ = {
			isa = XCSwiftPackageProductDependency;
			package = B752C49529BF1FD500CD3DAD /* XCRemoteSwiftPackageReference "Factory" */;
			productName = Factory;
		};
		B75B51DB29BFB35600B6D42A /* ReactorKit */ = {
			isa = XCSwiftPackageProductDependency;
			package = B75B51DA29BFB35600B6D42A /* XCRemoteSwiftPackageReference "ReactorKit" */;
			productName = ReactorKit;
		};
		B75B51E529BFB74300B6D42A /* Moya */ = {
			isa = XCSwiftPackageProductDependency;
			package = B75B51E429BFB74200B6D42A /* XCRemoteSwiftPackageReference "Moya" */;
			productName = Moya;
		};
		B75B51E729BFB74300B6D42A /* RxMoya */ = {
			isa = XCSwiftPackageProductDependency;
			package = B75B51E429BFB74200B6D42A /* XCRemoteSwiftPackageReference "Moya" */;
			productName = RxMoya;
		};
/* End XCSwiftPackageProductDependency section */
	};
	rootObject = B760B91029BE02930067231C /* Project object */;
}
